
Microsoft Visual Studio Solution File, Format Version 12.00
# Visual Studio Version 16
VisualStudioVersion = 16.0.30225.117
MinimumVisualStudioVersion = 10.0.40219.1
Project("{9A19103F-16F7-4668-BE54-9A1E7A4F7556}") = "Crypto", "Crypto\Crypto.csproj", "{1C64FD67-7519-400F-A8A6-085ED1AF4028}"
EndProject
Project("{9A19103F-16F7-4668-BE54-9A1E7A4F7556}") = "CryptoConsloe", "CryptoConsloe\CryptoConsloe.csproj", "{2A70AA51-938A-4C85-8A68-7C7CB4DCFE3E}"
EndProject
Project("{9A19103F-16F7-4668-BE54-9A1E7A4F7556}") = "ClientService", "ClientService\ClientService.csproj", "{D4B10E90-F77B-4178-94A1-414F7B134CC8}"
EndProject
Project("{9A19103F-16F7-4668-BE54-9A1E7A4F7556}") = "ExceptionLib", "ExceptionLib\ExceptionLib.csproj", "{805766A0-4828-4AC3-BC8E-C3C34B8FC17B}"
EndProject
Project("{9A19103F-16F7-4668-BE54-9A1E7A4F7556}") = "ReadFileString", "ReadFileString\ReadFileString.csproj", "{B6604BAF-DFEE-4C8E-8485-5E207D56D332}"
EndProject
Project("{FAE04EC0-301F-11D3-BF4B-00C04F79EFBC}") = "MemoryCacheLib", "MemoryCacheLib\MemoryCacheLib.csproj", "{47D63779-E402-4491-A2AB-D1314B3E21A9}"
EndProject
Global
	GlobalSection(SolutionConfigurationPlatforms) = preSolution
		Debug|Any CPU = Debug|Any CPU
		Release|Any CPU = Release|Any CPU
	EndGlobalSection
	GlobalSection(ProjectConfigurationPlatforms) = postSolution
		{1C64FD67-7519-400F-A8A6-085ED1AF4028}.Debug|Any CPU.ActiveCfg = Debug|Any CPU
		{1C64FD67-7519-400F-A8A6-085ED1AF4028}.Debug|Any CPU.Build.0 = Debug|Any CPU
		{1C64FD67-7519-400F-A8A6-085ED1AF4028}.Release|Any CPU.ActiveCfg = Release|Any CPU
		{1C64FD67-7519-400F-A8A6-085ED1AF4028}.Release|Any CPU.Build.0 = Release|Any CPU
		{2A70AA51-938A-4C85-8A68-7C7CB4DCFE3E}.Debug|Any CPU.ActiveCfg = Debug|Any CPU
		{2A70AA51-938A-4C85-8A68-7C7CB4DCFE3E}.Debug|Any CPU.Build.0 = Debug|Any CPU
		{2A70AA51-938A-4C85-8A68-7C7CB4DCFE3E}.Release|Any CPU.ActiveCfg = Release|Any CPU
		{2A70AA51-938A-4C85-8A68-7C7CB4DCFE3E}.Release|Any CPU.Build.0 = Release|Any CPU
		{D4B10E90-F77B-4178-94A1-414F7B134CC8}.Debug|Any CPU.ActiveCfg = Debug|Any CPU
		{D4B10E90-F77B-4178-94A1-414F7B134CC8}.Debug|Any CPU.Build.0 = Debug|Any CPU
		{D4B10E90-F77B-4178-94A1-414F7B134CC8}.Release|Any CPU.ActiveCfg = Release|Any CPU
		{D4B10E90-F77B-4178-94A1-414F7B134CC8}.Release|Any CPU.Build.0 = Release|Any CPU
		{805766A0-4828-4AC3-BC8E-C3C34B8FC17B}.Debug|Any CPU.ActiveCfg = Debug|Any CPU
		{805766A0-4828-4AC3-BC8E-C3C34B8FC17B}.Debug|Any CPU.Build.0 = Debug|Any CPU
		{805766A0-4828-4AC3-BC8E-C3C34B8FC17B}.Release|Any CPU.ActiveCfg = Release|Any CPU
		{805766A0-4828-4AC3-BC8E-C3C34B8FC17B}.Release|Any CPU.Build.0 = Release|Any CPU
		{B6604BAF-DFEE-4C8E-8485-5E207D56D332}.Debug|Any CPU.ActiveCfg = Debug|Any CPU
		{B6604BAF-DFEE-4C8E-8485-5E207D56D332}.Debug|Any CPU.Build.0 = Debug|Any CPU
		{B6604BAF-DFEE-4C8E-8485-5E207D56D332}.Release|Any CPU.ActiveCfg = Release|Any CPU
		{B6604BAF-DFEE-4C8E-8485-5E207D56D332}.Release|Any CPU.Build.0 = Release|Any CPU
		{47D63779-E402-4491-A2AB-D1314B3E21A9}.Debug|Any CPU.ActiveCfg = Debug|Any CPU
		{47D63779-E402-4491-A2AB-D1314B3E21A9}.Debug|Any CPU.Build.0 = Debug|Any CPU
		{47D63779-E402-4491-A2AB-D1314B3E21A9}.Release|Any CPU.ActiveCfg = Release|Any CPU
		{47D63779-E402-4491-A2AB-D1314B3E21A9}.Release|Any CPU.Build.0 = Release|Any CPU
	EndGlobalSection
	GlobalSection(SolutionProperties) = preSolution
		HideSolutionNode = FALSE
	EndGlobalSection
	GlobalSection(ExtensibilityGlobals) = postSolution
		SolutionGuid = {857DA486-FFCF-4749-9049-8AE9BF6F6866}
	EndGlobalSection
EndGlobal
